{
	"name": "@mchiver/hive-plugin-message-queue",
	"version": "1.0.0",
	"lockfileVersion": 3,
	"requires": true,
	"packages": {
		"": {
			"name": "@mchiver/hive-plugin-message-queue",
			"version": "1.0.0",
			"license": "MIT",
			"devDependencies": {
				"@mchiver/hive-harness": "file:../../hive-harness.git"
			},
			"peerDependencies": {
				"@mchiver/hive-harness": ">=0.1.0"
			}
		},
		"../../hive-harness.git": {
			"name": "@mchiver/hive-harness",
			"version": "0.1.0",
			"dev": true,
			"license": "MIT",
			"dependencies": {
				"bcrypt": "^6.0.0",
				"better-sqlite3": "^12.8.0",
				"blessed": "^0.1.81",
				"discord.js": "^14.26.2",
				"express": "^5.2.1",
				"json5": "^2.2.3",
				"jsonwebtoken": "^9.0.2",
				"minimist": "^1.2.8",
				"moniker": "^0.1.2"
			},
			"bin": {
				"hive": "Channels/Cli/Cli.js",
				"hive-discord": "Channels/Discord/Discord.js",
				"hive-web": "Channels/Web/Web.js"
			},
			"engines": {
				"node": ">=20.0.0"
			}
		},
		"node_modules/@mchiver/hive-harness": {
			"resolved": "../../hive-harness.git",
			"link": true
		}
	}
}
